// !$*UTF8*$!
{
	archiveVersion = 1;
	classes = {
	};
	objectVersion = 46;
	objects = {

/* Begin PBXBuildFile section */
		BE32D6CF1ECEEE2700EC15D7 /* MonsterTests.swift in Sources */ = {isa = PBXBuildFile; fileRef = BE32D6CE1ECEEE2700EC15D7 /* MonsterTests.swift */; };
		BE32D6D51ECEF03200EC15D7 /* man.swift in Sources */ = {isa = PBXBuildFile; fileRef = BE32D6D41ECEF03200EC15D7 /* man.swift */; };
		BE32D6D71ECEF05200EC15D7 /* woman.swift in Sources */ = {isa = PBXBuildFile; fileRef = BE32D6D61ECEF05200EC15D7 /* woman.swift */; };
		BEF684D61E5D99E7002EEA70 /* main.swift in Sources */ = {isa = PBXBuildFile; fileRef = BEF684D51E5D99E7002EEA70 /* main.swift */; };
		BEF684DD1E5D9A25002EEA70 /* enums.swift in Sources */ = {isa = PBXBuildFile; fileRef = BEF684DC1E5D9A25002EEA70 /* enums.swift */; };
		BEF684DF1E5D9C13002EEA70 /* Bone.swift in Sources */ = {isa = PBXBuildFile; fileRef = BEF684DE1E5D9C13002EEA70 /* Bone.swift */; };
		BEF684E11E5D9CFF002EEA70 /* Human.swift in Sources */ = {isa = PBXBuildFile; fileRef = BEF684E01E5D9CFF002EEA70 /* Human.swift */; };
		BEF684E31E5D9F55002EEA70 /* Boy.swift in Sources */ = {isa = PBXBuildFile; fileRef = BEF684E21E5D9F55002EEA70 /* Boy.swift */; };
		BEF684E51E5DA895002EEA70 /* Monster.swift in Sources */ = {isa = PBXBuildFile; fileRef = BEF684E41E5DA895002EEA70 /* Monster.swift */; };
/* End PBXBuildFile section */

/* Begin PBXCopyFilesBuildPhase section */
		BEF684D01E5D99E7002EEA70 /* CopyFiles */ = {
			isa = PBXCopyFilesBuildPhase;
			buildActionMask = 2147483647;
			dstPath = /usr/share/man/man1/;
			dstSubfolderSpec = 0;
			files = (
			);
			runOnlyForDeploymentPostprocessing = 1;
		};
/* End PBXCopyFilesBuildPhase section */

/* Begin PBXFileReference section */
		BE32D6CC1ECEEE2700EC15D7 /* MonsterTests.xctest */ = {isa = PBXFileReference; explicitFileType = wrapper.cfbundle; includeInIndex = 0; path = MonsterTests.xctest; sourceTree = BUILT_PRODUCTS_DIR; };
		BE32D6CE1ECEEE2700EC15D7 /* MonsterTests.swift */ = {isa = PBXFileReference; lastKnownFileType = sourcecode.swift; path = MonsterTests.swift; sourceTree = "<group>"; };
		BE32D6D01ECEEE2700EC15D7 /* Info.plist */ = {isa = PBXFileReference; lastKnownFileType = text.plist.xml; path = Info.plist; sourceTree = "<group>"; };
		BE32D6D41ECEF03200EC15D7 /* man.swift */ = {isa = PBXFileReference; fileEncoding = 4; lastKnownFileType = sourcecode.swift; path = man.swift; sourceTree = "<group>"; };
		BE32D6D61ECEF05200EC15D7 /* woman.swift */ = {isa = PBXFileReference; fileEncoding = 4; lastKnownFileType = sourcecode.swift; path = woman.swift; sourceTree = "<group>"; };
		BEF684D21E5D99E7002EEA70 /* MonsterClassProject */ = {isa = PBXFileReference; explicitFileType = "compiled.mach-o.executable"; includeInIndex = 0; path = MonsterClassProject; sourceTree = BUILT_PRODUCTS_DIR; };
		BEF684D51E5D99E7002EEA70 /* main.swift */ = {isa = PBXFileReference; lastKnownFileType = sourcecode.swift; path = main.swift; sourceTree = "<group>"; };
		BEF684DC1E5D9A25002EEA70 /* enums.swift */ = {isa = PBXFileReference; fileEncoding = 4; lastKnownFileType = sourcecode.swift; path = enums.swift; sourceTree = "<group>"; };
		BEF684DE1E5D9C13002EEA70 /* Bone.swift */ = {isa = PBXFileReference; fileEncoding = 4; lastKnownFileType = sourcecode.swift; path = Bone.swift; sourceTree = "<group>"; };
		BEF684E01E5D9CFF002EEA70 /* Human.swift */ = {isa = PBXFileReference; fileEncoding = 4; lastKnownFileType = sourcecode.swift; path = Human.swift; sourceTree = "<group>"; };
		BEF684E21E5D9F55002EEA70 /* Boy.swift */ = {isa = PBXFileReference; fileEncoding = 4; lastKnownFileType = sourcecode.swift; path = Boy.swift; sourceTree = "<group>"; };
		BEF684E41E5DA895002EEA70 /* Monster.swift */ = {isa = PBXFileReference; fileEncoding = 4; lastKnownFileType = sourcecode.swift; path = Monster.swift; sourceTree = "<group>"; };
/* End PBXFileReference section */

/* Begin PBXFrameworksBuildPhase section */
		BE32D6C91ECEEE2700EC15D7 /* Frameworks */ = {
			isa = PBXFrameworksBuildPhase;
			buildActionMask = 2147483647;
			files = (
			);
			runOnlyForDeploymentPostprocessing = 0;
		};
		BEF684CF1E5D99E7002EEA70 /* Frameworks */ = {
			isa = PBXFrameworksBuildPhase;
			buildActionMask = 2147483647;
			files = (
			);
			runOnlyForDeploymentPostprocessing = 0;
		};
/* End PBXFrameworksBuildPhase section */

/* Begin PBXGroup section */
		BE32D6CD1ECEEE2700EC15D7 /* MonsterTests */ = {
			isa = PBXGroup;
			children = (
				BE32D6CE1ECEEE2700EC15D7 /* MonsterTests.swift */,
				BE32D6D01ECEEE2700EC15D7 /* Info.plist */,
			);
			path = MonsterTests;
			sourceTree = "<group>";
		};
		BEF684C91E5D99E7002EEA70 = {
			isa = PBXGroup;
			children = (
				BEF684D41E5D99E7002EEA70 /* MonsterClassProject */,
				BE32D6CD1ECEEE2700EC15D7 /* MonsterTests */,
				BEF684D31E5D99E7002EEA70 /* Products */,
			);
			sourceTree = "<group>";
		};
		BEF684D31E5D99E7002EEA70 /* Products */ = {
			isa = PBXGroup;
			children = (
				BEF684D21E5D99E7002EEA70 /* MonsterClassProject */,
				BE32D6CC1ECEEE2700EC15D7 /* MonsterTests.xctest */,
			);
			name = Products;
			sourceTree = "<group>";
		};
		BEF684D41E5D99E7002EEA70 /* MonsterClassProject */ = {
			isa = PBXGroup;
			children = (
				BEF684D51E5D99E7002EEA70 /* main.swift */,
				BEF684DC1E5D9A25002EEA70 /* enums.swift */,
				BEF684E41E5DA895002EEA70 /* Monster.swift */,
				BEF684E21E5D9F55002EEA70 /* Boy.swift */,
				BE32D6D41ECEF03200EC15D7 /* man.swift */,
				BE32D6D61ECEF05200EC15D7 /* woman.swift */,
				BEF684E01E5D9CFF002EEA70 /* Human.swift */,
				BEF684DE1E5D9C13002EEA70 /* Bone.swift */,
			);
			path = MonsterClassProject;
			sourceTree = "<group>";
		};
/* End PBXGroup section */

/* Begin PBXNativeTarget section */
		BE32D6CB1ECEEE2700EC15D7 /* MonsterTests */ = {
			isa = PBXNativeTarget;
			buildConfigurationList = BE32D6D31ECEEE2700EC15D7 /* Build configuration list for PBXNativeTarget "MonsterTests" */;
			buildPhases = (
				BE32D6C81ECEEE2700EC15D7 /* Sources */,
				BE32D6C91ECEEE2700EC15D7 /* Frameworks */,
				BE32D6CA1ECEEE2700EC15D7 /* Resources */,
			);
			buildRules = (
			);
			dependencies = (
			);
			name = MonsterTests;
			productName = MonsterTests;
			productReference = BE32D6CC1ECEEE2700EC15D7 /* MonsterTests.xctest */;
			productType = "com.apple.product-type.bundle.unit-test";
		};
		BEF684D11E5D99E7002EEA70 /* MonsterClassProject */ = {
			isa = PBXNativeTarget;
			buildConfigurationList = BEF684D91E5D99E7002EEA70 /* Build configuration list for PBXNativeTarget "MonsterClassProject" */;
			buildPhases = (
				BEF684CE1E5D99E7002EEA70 /* Sources */,
				BEF684CF1E5D99E7002EEA70 /* Frameworks */,
				BEF684D01E5D99E7002EEA70 /* CopyFiles */,
			);
			buildRules = (
			);
			dependencies = (
			);
			name = MonsterClassProject;
			productName = MonsterClassProject;
			productReference = BEF684D21E5D99E7002EEA70 /* MonsterClassProject */;
			productType = "com.apple.product-type.tool";
		};
/* End PBXNativeTarget section */

/* Begin PBXProject section */
		BEF684CA1E5D99E7002EEA70 /* Project object */ = {
			isa = PBXProject;
			attributes = {
				LastSwiftUpdateCheck = 0830;
				LastUpgradeCheck = 0820;
				ORGANIZATIONNAME = "Ben Smith";
				TargetAttributes = {
					BE32D6CB1ECEEE2700EC15D7 = {
						CreatedOnToolsVersion = 8.3;
						DevelopmentTeam = CWK29L7ZPT;
						ProvisioningStyle = Automatic;
					};
					BEF684D11E5D99E7002EEA70 = {
						CreatedOnToolsVersion = 8.2.1;
						ProvisioningStyle = Automatic;
					};
				};
			};
			buildConfigurationList = BEF684CD1E5D99E7002EEA70 /* Build configuration list for PBXProject "MonsterClassProject" */;
			compatibilityVersion = "Xcode 3.2";
			developmentRegion = English;
			hasScannedForEncodings = 0;
			knownRegions = (
				en,
			);
			mainGroup = BEF684C91E5D99E7002EEA70;
			productRefGroup = BEF684D31E5D99E7002EEA70 /* Products */;
			projectDirPath = "";
			projectRoot = "";
			targets = (
				BEF684D11E5D99E7002EEA70 /* MonsterClassProject */,
				BE32D6CB1ECEEE2700EC15D7 /* MonsterTests */,
			);
		};
/* End PBXProject section */

/* Begin PBXResourcesBuildPhase section */
		BE32D6CA1ECEEE2700EC15D7 /* Resources */ = {
			isa = PBXResourcesBuildPhase;
			buildActionMask = 2147483647;
			files = (
			);
			runOnlyForDeploymentPostprocessing = 0;
		};
/* End PBXResourcesBuildPhase section */

/* Begin PBXSourcesBuildPhase section */
		BE32D6C81ECEEE2700EC15D7 /* Sources */ = {
			isa = PBXSourcesBuildPhase;
			buildActionMask = 2147483647;
			files = (
				BE32D6CF1ECEEE2700EC15D7 /* MonsterTests.swift in Sources */,
			);
			runOnlyForDeploymentPostprocessing = 0;
		};
		BEF684CE1E5D99E7002EEA70 /* Sources */ = {
			isa = PBXSourcesBuildPhase;
			buildActionMask = 2147483647;
			files = (
				BE32D6D71ECEF05200EC15D7 /* woman.swift in Sources */,
				BEF684DD1E5D9A25002EEA70 /* enums.swift in Sources */,
				BEF684D61E5D99E7002EEA70 /* main.swift in Sources */,
				BEF684DF1E5D9C13002EEA70 /* Bone.swift in Sources */,
				BEF684E11E5D9CFF002EEA70 /* Human.swift in Sources */,
				BE32D6D51ECEF03200EC15D7 /* man.swift in Sources */,
				BEF684E51E5DA895002EEA70 /* Monster.swift in Sources */,
				BEF684E31E5D9F55002EEA70 /* Boy.swift in Sources */,
			);
			runOnlyForDeploymentPostprocessing = 0;
		};
/* End PBXSourcesBuildPhase section */

/* Begin XCBuildConfiguration section */
		BE32D6D11ECEEE2700EC15D7 /* Debug */ = {
			isa = XCBuildConfiguration;
			buildSettings = {
				CLANG_ANALYZER_NUMBER_OBJECT_CONVERSION = YES_AGGRESSIVE;
				COMBINE_HIDPI_IMAGES = YES;
				DEVELOPMENT_TEAM = CWK29L7ZPT;
				INFOPLIST_FILE = MonsterTests/Info.plist;
				LD_RUNPATH_SEARCH_PATHS = "$(inherited) @executable_path/../Frameworks @loader_path/../Frameworks";
				PRODUCT_BUNDLE_IDENTIFIER = test.MonsterTests;
				PRODUCT_NAME = "$(TARGET_NAME)";
				SWIFT_ACTIVE_COMPILATION_CONDITIONS = DEBUG;
				SWIFT_VERSION = 3.0;
			};
			name = Debug;
		};
		BE32D6D21ECEEE2700EC15D7 /* Release */ = {
			isa = XCBuildConfiguration;
			buildSettings = {
				CLANG_ANALYZER_NUMBER_OBJECT_CONVERSION = YES_AGGRESSIVE;
				COMBINE_HIDPI_IMAGES = YES;
				DEVELOPMENT_TEAM = CWK29L7ZPT;
				INFOPLIST_FILE = MonsterTests/Info.plist;
				LD_RUNPATH_SEARCH_PATHS = "$(inherited) @executable_path/../Frameworks @loader_path/../Frameworks";
				PRODUCT_BUNDLE_IDENTIFIER = test.MonsterTests;
				PRODUCT_NAME = "$(TARGET_NAME)";
				SWIFT_OPTIMIZATION_LEVEL = "-Owholemodule";
				SWIFT_VERSION = 3.0;
			};
			name = Release;
		};
		BEF684D71E5D99E7002EEA70 /* Debug */ = {
			isa = XCBuildConfiguration;
			buildSettings = {
				ALWAYS_SEARCH_USER_PATHS = NO;
				CLANG_ANALYZER_NONNULL = YES;
				CLANG_CXX_LANGUAGE_STANDARD = "gnu++0x";
				CLANG_CXX_LIBRARY = "libc++";
				CLANG_ENABLE_MODULES = YES;
				CLANG_ENABLE_OBJC_ARC = YES;
				CLANG_WARN_BOOL_CONVERSION = YES;
				CLANG_WARN_CONSTANT_CONVERSION = YES;
				CLANG_WARN_DIRECT_OBJC_ISA_USAGE = YES_ERROR;
				CLANG_WARN_DOCUMENTATION_COMMENTS = YES;
				CLANG_WARN_EMPTY_BODY = YES;
				CLANG_WARN_ENUM_CONVERSION = YES;
				CLANG_WARN_INFINITE_RECURSION = YES;
				CLANG_WARN_INT_CONVERSION = YES;
				CLANG_WARN_OBJC_ROOT_CLASS = YES_ERROR;
				CLANG_WARN_SUSPICIOUS_MOVE = YES;
				CLANG_WARN_UNREACHABLE_CODE = YES;
				CLANG_WARN__DUPLICATE_METHOD_MATCH = YES;
				CODE_SIGN_IDENTITY = "-";
				COPY_PHASE_STRIP = NO;
				DEBUG_INFORMATION_FORMAT = dwarf;
				ENABLE_STRICT_OBJC_MSGSEND = YES;
				ENABLE_TESTABILITY = YES;
				GCC_C_LANGUAGE_STANDARD = gnu99;
				GCC_DYNAMIC_NO_PIC = NO;
				GCC_NO_COMMON_BLOCKS = YES;
				GCC_OPTIMIZATION_LEVEL = 0;
				GCC_PREPROCESSOR_DEFINITIONS = (
					"DEBUG=1",
					"$(inherited)",
				);
				GCC_WARN_64_TO_32_BIT_CONVERSION = YES;
				GCC_WARN_ABOUT_RETURN_TYPE = YES_ERROR;
				GCC_WARN_UNDECLARED_SELECTOR = YES;
				GCC_WARN_UNINITIALIZED_AUTOS = YES_AGGRESSIVE;
				GCC_WARN_UNUSED_FUNCTION = YES;
				GCC_WARN_UNUSED_VARIABLE = YES;
				MACOSX_DEPLOYMENT_TARGET = 10.12;
				MTL_ENABLE_DEBUG_INFO = YES;
				ONLY_ACTIVE_ARCH = YES;
				SDKROOT = macosx;
				SWIFT_OPTIMIZATION_LEVEL = "-Onone";
			};
			name = Debug;
		};
		BEF684D81E5D99E7002EEA70 /* Release */ = {
			isa = XCBuildConfiguration;
			buildSettings = {
				ALWAYS_SEARCH_USER_PATHS = NO;
				CLANG_ANALYZER_NONNULL = YES;
				CLANG_CXX_LANGUAGE_STANDARD = "gnu++0x";
				CLANG_CXX_LIBRARY = "libc++";
				CLANG_ENABLE_MODULES = YES;
				CLANG_ENABLE_OBJC_ARC = YES;
				CLANG_WARN_BOOL_CONVERSION = YES;
				CLANG_WARN_CONSTANT_CONVERSION = YES;
				CLANG_WARN_DIRECT_OBJC_ISA_USAGE = YES_ERROR;
				CLANG_WARN_DOCUMENTATION_COMMENTS = YES;
				CLANG_WARN_EMPTY_BODY = YES;
				CLANG_WARN_ENUM_CONVERSION = YES;
				CLANG_WARN_INFINITE_RECURSION = YES;
				CLANG_WARN_INT_CONVERSION = YES;
				CLANG_WARN_OBJC_ROOT_CLASS = YES_ERROR;
				CLANG_WARN_SUSPICIOUS_MOVE = YES;
				CLANG_WARN_UNREACHABLE_CODE = YES;
				CLANG_WARN__DUPLICATE_METHOD_MATCH = YES;
				CODE_SIGN_IDENTITY = "-";
				COPY_PHASE_STRIP = NO;
				DEBUG_INFORMATION_FORMAT = "dwarf-with-dsym";
				ENABLE_NS_ASSERTIONS = NO;
				ENABLE_STRICT_OBJC_MSGSEND = YES;
				GCC_C_LANGUAGE_STANDARD = gnu99;
				GCC_NO_COMMON_BLOCKS = YES;
				GCC_WARN_64_TO_32_BIT_CONVERSION = YES;
				GCC_WARN_ABOUT_RETURN_TYPE = YES_ERROR;
				GCC_WARN_UNDECLARED_SELECTOR = YES;
				GCC_WARN_UNINITIALIZED_AUTOS = YES_AGGRESSIVE;
				GCC_WARN_UNUSED_FUNCTION = YES;
				GCC_WARN_UNUSED_VARIABLE = YES;
				MACOSX_DEPLOYMENT_TARGET = 10.12;
				MTL_ENABLE_DEBUG_INFO = NO;
				SDKROOT = macosx;
			};
			name = Release;
		};
		BEF684DA1E5D99E7002EEA70 /* Debug */ = {
			isa = XCBuildConfiguration;
			buildSettings = {
				PRODUCT_NAME = "$(TARGET_NAME)";
				SWIFT_VERSION = 3.0;
			};
			name = Debug;
		};
		BEF684DB1E5D99E7002EEA70 /* Release */ = {
			isa = XCBuildConfiguration;
			buildSettings = {
				PRODUCT_NAME = "$(TARGET_NAME)";
				SWIFT_VERSION = 3.0;
			};
			name = Release;
		};
/* End XCBuildConfiguration section */

/* Begin XCConfigurationList section */
		BE32D6D31ECEEE2700EC15D7 /* Build configuration list for PBXNativeTarget "MonsterTests" */ = {
			isa = XCConfigurationList;
			buildConfigurations = (
				BE32D6D11ECEEE2700EC15D7 /* Debug */,
				BE32D6D21ECEEE2700EC15D7 /* Release */,
			);
			defaultConfigurationIsVisible = 0;
		};
		BEF684CD1E5D99E7002EEA70 /* Build configuration list for PBXProject "MonsterClassProject" */ = {
			isa = XCConfigurationList;
			buildConfigurations = (
				BEF684D71E5D99E7002EEA70 /* Debug */,
				BEF684D81E5D99E7002EEA70 /* Release */,
			);
			defaultConfigurationIsVisible = 0;
			defaultConfigurationName = Release;
		};
		BEF684D91E5D99E7002EEA70 /* Build configuration list for PBXNativeTarget "MonsterClassProject" */ = {
			isa = XCConfigurationList;
			buildConfigurations = (
				BEF684DA1E5D99E7002EEA70 /* Debug */,
				BEF684DB1E5D99E7002EEA70 /* Release */,
			);
			defaultConfigurationIsVisible = 0;
			defaultConfigurationName = Release;
		};
/* End XCConfigurationList section */
	};
	rootObject = BEF684CA1E5D99E7002EEA70 /* Project object */;
}
